
Microsoft Visual Studio Solution File, Format Version 12.00
# Visual Studio Version 16
VisualStudioVersion = 16.6.30114.105
MinimumVisualStudioVersion = 10.0.40219.1
Project("{2150E333-8FDC-42A3-9474-1A3956D46DE8}") = "src", "src", "{92A9376A-B676-42A0-AD0D-56A00240DC77}"
EndProject
Project("{FAE04EC0-301F-11D3-BF4B-00C04F79EFBC}") = "Sample.Accept", "src\Sample.Accept\Sample.Accept.csproj", "{2130DB55-EDD6-4015-A875-90F4AA5682DB}"
EndProject
Project("{FAE04EC0-301F-11D3-BF4B-00C04F79EFBC}") = "Sample.Header", "src\Sample.Header\Sample.Header.csproj", "{BAE3D194-28C4-4F36-925A-1F75FE468B19}"
EndProject
Project("{FAE04EC0-301F-11D3-BF4B-00C04F79EFBC}") = "Sample.QueryString", "src\Sample.QueryString\Sample.QueryString.csproj", "{8CB9A58B-10DA-4842-B04B-A1FFE9A7CDB9}"
EndProject
Project("{FAE04EC0-301F-11D3-BF4B-00C04F79EFBC}") = "Sample.Route", "src\Sample.Route\Sample.Route.csproj", "{777AE029-A2B2-4333-BD1F-F44F55EDD6A6}"
EndProject
Project("{FAE04EC0-301F-11D3-BF4B-00C04F79EFBC}") = "Sample.CustomHeader", "src\Sample.CustomHeader\Sample.CustomHeader.csproj", "{EDD8137C-DFF4-402A-ADFC-76CAEA904BC1}"
EndProject
Project("{2150E333-8FDC-42A3-9474-1A3956D46DE8}") = "test", "test", "{C17784BD-D516-43A6-9873-DD9C50369330}"
EndProject
Project("{F2A71F9B-5D33-465A-A702-920D77279786}") = "Sample.Header.Tests", "test\Sample.Header.Tests\Sample.Header.Tests.fsproj", "{EA9E713F-07F1-4A57-AD8D-1132E2240EEC}"
EndProject
Project("{F2A71F9B-5D33-465A-A702-920D77279786}") = "Sample.QueryString.Tests", "test\Sample.QueryString.Tests\Sample.QueryString.Tests.fsproj", "{060B7AC8-F566-41B5-88B9-717EE892B7EB}"
EndProject
Project("{F2A71F9B-5D33-465A-A702-920D77279786}") = "Sample.Accept.Tests", "test\Sample.Accept.Tests\Sample.Accept.Tests.fsproj", "{6BA5878A-D2CC-47ED-B6F9-A00AA751ED15}"
EndProject
Project("{F2A71F9B-5D33-465A-A702-920D77279786}") = "Sample.CustomHeader.Tests", "test\Sample.CustomHeader.Tests\Sample.CustomHeader.Tests.fsproj", "{C2B14B7D-79B2-4EB7-9AA5-DDF773160485}"
EndProject
Project("{F2A71F9B-5D33-465A-A702-920D77279786}") = "Sample.Route.Tests", "test\Sample.Route.Tests\Sample.Route.Tests.fsproj", "{91E83B96-E41A-4087-969F-014AE461DBA9}"
EndProject
Global
	GlobalSection(SolutionConfigurationPlatforms) = preSolution
		Debug|Any CPU = Debug|Any CPU
		Debug|x64 = Debug|x64
		Debug|x86 = Debug|x86
		Release|Any CPU = Release|Any CPU
		Release|x64 = Release|x64
		Release|x86 = Release|x86
	EndGlobalSection
	GlobalSection(SolutionProperties) = preSolution
		HideSolutionNode = FALSE
	EndGlobalSection
	GlobalSection(ProjectConfigurationPlatforms) = postSolution
		{2130DB55-EDD6-4015-A875-90F4AA5682DB}.Debug|Any CPU.ActiveCfg = Debug|Any CPU
		{2130DB55-EDD6-4015-A875-90F4AA5682DB}.Debug|Any CPU.Build.0 = Debug|Any CPU
		{2130DB55-EDD6-4015-A875-90F4AA5682DB}.Debug|x64.ActiveCfg = Debug|Any CPU
		{2130DB55-EDD6-4015-A875-90F4AA5682DB}.Debug|x64.Build.0 = Debug|Any CPU
		{2130DB55-EDD6-4015-A875-90F4AA5682DB}.Debug|x86.ActiveCfg = Debug|Any CPU
		{2130DB55-EDD6-4015-A875-90F4AA5682DB}.Debug|x86.Build.0 = Debug|Any CPU
		{2130DB55-EDD6-4015-A875-90F4AA5682DB}.Release|Any CPU.ActiveCfg = Release|Any CPU
		{2130DB55-EDD6-4015-A875-90F4AA5682DB}.Release|Any CPU.Build.0 = Release|Any CPU
		{2130DB55-EDD6-4015-A875-90F4AA5682DB}.Release|x64.ActiveCfg = Release|Any CPU
		{2130DB55-EDD6-4015-A875-90F4AA5682DB}.Release|x64.Build.0 = Release|Any CPU
		{2130DB55-EDD6-4015-A875-90F4AA5682DB}.Release|x86.ActiveCfg = Release|Any CPU
		{2130DB55-EDD6-4015-A875-90F4AA5682DB}.Release|x86.Build.0 = Release|Any CPU
		{BAE3D194-28C4-4F36-925A-1F75FE468B19}.Debug|Any CPU.ActiveCfg = Debug|Any CPU
		{BAE3D194-28C4-4F36-925A-1F75FE468B19}.Debug|Any CPU.Build.0 = Debug|Any CPU
		{BAE3D194-28C4-4F36-925A-1F75FE468B19}.Debug|x64.ActiveCfg = Debug|Any CPU
		{BAE3D194-28C4-4F36-925A-1F75FE468B19}.Debug|x64.Build.0 = Debug|Any CPU
		{BAE3D194-28C4-4F36-925A-1F75FE468B19}.Debug|x86.ActiveCfg = Debug|Any CPU
		{BAE3D194-28C4-4F36-925A-1F75FE468B19}.Debug|x86.Build.0 = Debug|Any CPU
		{BAE3D194-28C4-4F36-925A-1F75FE468B19}.Release|Any CPU.ActiveCfg = Release|Any CPU
		{BAE3D194-28C4-4F36-925A-1F75FE468B19}.Release|Any CPU.Build.0 = Release|Any CPU
		{BAE3D194-28C4-4F36-925A-1F75FE468B19}.Release|x64.ActiveCfg = Release|Any CPU
		{BAE3D194-28C4-4F36-925A-1F75FE468B19}.Release|x64.Build.0 = Release|Any CPU
		{BAE3D194-28C4-4F36-925A-1F75FE468B19}.Release|x86.ActiveCfg = Release|Any CPU
		{BAE3D194-28C4-4F36-925A-1F75FE468B19}.Release|x86.Build.0 = Release|Any CPU
		{8CB9A58B-10DA-4842-B04B-A1FFE9A7CDB9}.Debug|Any CPU.ActiveCfg = Debug|Any CPU
		{8CB9A58B-10DA-4842-B04B-A1FFE9A7CDB9}.Debug|Any CPU.Build.0 = Debug|Any CPU
		{8CB9A58B-10DA-4842-B04B-A1FFE9A7CDB9}.Debug|x64.ActiveCfg = Debug|Any CPU
		{8CB9A58B-10DA-4842-B04B-A1FFE9A7CDB9}.Debug|x64.Build.0 = Debug|Any CPU
		{8CB9A58B-10DA-4842-B04B-A1FFE9A7CDB9}.Debug|x86.ActiveCfg = Debug|Any CPU
		{8CB9A58B-10DA-4842-B04B-A1FFE9A7CDB9}.Debug|x86.Build.0 = Debug|Any CPU
		{8CB9A58B-10DA-4842-B04B-A1FFE9A7CDB9}.Release|Any CPU.ActiveCfg = Release|Any CPU
		{8CB9A58B-10DA-4842-B04B-A1FFE9A7CDB9}.Release|Any CPU.Build.0 = Release|Any CPU
		{8CB9A58B-10DA-4842-B04B-A1FFE9A7CDB9}.Release|x64.ActiveCfg = Release|Any CPU
		{8CB9A58B-10DA-4842-B04B-A1FFE9A7CDB9}.Release|x64.Build.0 = Release|Any CPU
		{8CB9A58B-10DA-4842-B04B-A1FFE9A7CDB9}.Release|x86.ActiveCfg = Release|Any CPU
		{8CB9A58B-10DA-4842-B04B-A1FFE9A7CDB9}.Release|x86.Build.0 = Release|Any CPU
		{777AE029-A2B2-4333-BD1F-F44F55EDD6A6}.Debug|Any CPU.ActiveCfg = Debug|Any CPU
		{777AE029-A2B2-4333-BD1F-F44F55EDD6A6}.Debug|Any CPU.Build.0 = Debug|Any CPU
		{777AE029-A2B2-4333-BD1F-F44F55EDD6A6}.Debug|x64.ActiveCfg = Debug|Any CPU
		{777AE029-A2B2-4333-BD1F-F44F55EDD6A6}.Debug|x64.Build.0 = Debug|Any CPU
		{777AE029-A2B2-4333-BD1F-F44F55EDD6A6}.Debug|x86.ActiveCfg = Debug|Any CPU
		{777AE029-A2B2-4333-BD1F-F44F55EDD6A6}.Debug|x86.Build.0 = Debug|Any CPU
		{777AE029-A2B2-4333-BD1F-F44F55EDD6A6}.Release|Any CPU.ActiveCfg = Release|Any CPU
		{777AE029-A2B2-4333-BD1F-F44F55EDD6A6}.Release|Any CPU.Build.0 = Release|Any CPU
		{777AE029-A2B2-4333-BD1F-F44F55EDD6A6}.Release|x64.ActiveCfg = Release|Any CPU
		{777AE029-A2B2-4333-BD1F-F44F55EDD6A6}.Release|x64.Build.0 = Release|Any CPU
		{777AE029-A2B2-4333-BD1F-F44F55EDD6A6}.Release|x86.ActiveCfg = Release|Any CPU
		{777AE029-A2B2-4333-BD1F-F44F55EDD6A6}.Release|x86.Build.0 = Release|Any CPU
		{EDD8137C-DFF4-402A-ADFC-76CAEA904BC1}.Debug|Any CPU.ActiveCfg = Debug|Any CPU
		{EDD8137C-DFF4-402A-ADFC-76CAEA904BC1}.Debug|Any CPU.Build.0 = Debug|Any CPU
		{EDD8137C-DFF4-402A-ADFC-76CAEA904BC1}.Debug|x64.ActiveCfg = Debug|Any CPU
		{EDD8137C-DFF4-402A-ADFC-76CAEA904BC1}.Debug|x64.Build.0 = Debug|Any CPU
		{EDD8137C-DFF4-402A-ADFC-76CAEA904BC1}.Debug|x86.ActiveCfg = Debug|Any CPU
		{EDD8137C-DFF4-402A-ADFC-76CAEA904BC1}.Debug|x86.Build.0 = Debug|Any CPU
		{EDD8137C-DFF4-402A-ADFC-76CAEA904BC1}.Release|Any CPU.ActiveCfg = Release|Any CPU
		{EDD8137C-DFF4-402A-ADFC-76CAEA904BC1}.Release|Any CPU.Build.0 = Release|Any CPU
		{EDD8137C-DFF4-402A-ADFC-76CAEA904BC1}.Release|x64.ActiveCfg = Release|Any CPU
		{EDD8137C-DFF4-402A-ADFC-76CAEA904BC1}.Release|x64.Build.0 = Release|Any CPU
		{EDD8137C-DFF4-402A-ADFC-76CAEA904BC1}.Release|x86.ActiveCfg = Release|Any CPU
		{EDD8137C-DFF4-402A-ADFC-76CAEA904BC1}.Release|x86.Build.0 = Release|Any CPU
		{EA9E713F-07F1-4A57-AD8D-1132E2240EEC}.Debug|Any CPU.ActiveCfg = Debug|Any CPU
		{EA9E713F-07F1-4A57-AD8D-1132E2240EEC}.Debug|Any CPU.Build.0 = Debug|Any CPU
		{EA9E713F-07F1-4A57-AD8D-1132E2240EEC}.Debug|x64.ActiveCfg = Debug|Any CPU
		{EA9E713F-07F1-4A57-AD8D-1132E2240EEC}.Debug|x64.Build.0 = Debug|Any CPU
		{EA9E713F-07F1-4A57-AD8D-1132E2240EEC}.Debug|x86.ActiveCfg = Debug|Any CPU
		{EA9E713F-07F1-4A57-AD8D-1132E2240EEC}.Debug|x86.Build.0 = Debug|Any CPU
		{EA9E713F-07F1-4A57-AD8D-1132E2240EEC}.Release|Any CPU.ActiveCfg = Release|Any CPU
		{EA9E713F-07F1-4A57-AD8D-1132E2240EEC}.Release|Any CPU.Build.0 = Release|Any CPU
		{EA9E713F-07F1-4A57-AD8D-1132E2240EEC}.Release|x64.ActiveCfg = Release|Any CPU
		{EA9E713F-07F1-4A57-AD8D-1132E2240EEC}.Release|x64.Build.0 = Release|Any CPU
		{EA9E713F-07F1-4A57-AD8D-1132E2240EEC}.Release|x86.ActiveCfg = Release|Any CPU
		{EA9E713F-07F1-4A57-AD8D-1132E2240EEC}.Release|x86.Build.0 = Release|Any CPU
		{060B7AC8-F566-41B5-88B9-717EE892B7EB}.Debug|Any CPU.ActiveCfg = Debug|Any CPU
		{060B7AC8-F566-41B5-88B9-717EE892B7EB}.Debug|Any CPU.Build.0 = Debug|Any CPU
		{060B7AC8-F566-41B5-88B9-717EE892B7EB}.Debug|x64.ActiveCfg = Debug|Any CPU
		{060B7AC8-F566-41B5-88B9-717EE892B7EB}.Debug|x64.Build.0 = Debug|Any CPU
		{060B7AC8-F566-41B5-88B9-717EE892B7EB}.Debug|x86.ActiveCfg = Debug|Any CPU
		{060B7AC8-F566-41B5-88B9-717EE892B7EB}.Debug|x86.Build.0 = Debug|Any CPU
		{060B7AC8-F566-41B5-88B9-717EE892B7EB}.Release|Any CPU.ActiveCfg = Release|Any CPU
		{060B7AC8-F566-41B5-88B9-717EE892B7EB}.Release|Any CPU.Build.0 = Release|Any CPU
		{060B7AC8-F566-41B5-88B9-717EE892B7EB}.Release|x64.ActiveCfg = Release|Any CPU
		{060B7AC8-F566-41B5-88B9-717EE892B7EB}.Release|x64.Build.0 = Release|Any CPU
		{060B7AC8-F566-41B5-88B9-717EE892B7EB}.Release|x86.ActiveCfg = Release|Any CPU
		{060B7AC8-F566-41B5-88B9-717EE892B7EB}.Release|x86.Build.0 = Release|Any CPU
		{6BA5878A-D2CC-47ED-B6F9-A00AA751ED15}.Debug|Any CPU.ActiveCfg = Debug|Any CPU
		{6BA5878A-D2CC-47ED-B6F9-A00AA751ED15}.Debug|Any CPU.Build.0 = Debug|Any CPU
		{6BA5878A-D2CC-47ED-B6F9-A00AA751ED15}.Debug|x64.ActiveCfg = Debug|Any CPU
		{6BA5878A-D2CC-47ED-B6F9-A00AA751ED15}.Debug|x64.Build.0 = Debug|Any CPU
		{6BA5878A-D2CC-47ED-B6F9-A00AA751ED15}.Debug|x86.ActiveCfg = Debug|Any CPU
		{6BA5878A-D2CC-47ED-B6F9-A00AA751ED15}.Debug|x86.Build.0 = Debug|Any CPU
		{6BA5878A-D2CC-47ED-B6F9-A00AA751ED15}.Release|Any CPU.ActiveCfg = Release|Any CPU
		{6BA5878A-D2CC-47ED-B6F9-A00AA751ED15}.Release|Any CPU.Build.0 = Release|Any CPU
		{6BA5878A-D2CC-47ED-B6F9-A00AA751ED15}.Release|x64.ActiveCfg = Release|Any CPU
		{6BA5878A-D2CC-47ED-B6F9-A00AA751ED15}.Release|x64.Build.0 = Release|Any CPU
		{6BA5878A-D2CC-47ED-B6F9-A00AA751ED15}.Release|x86.ActiveCfg = Release|Any CPU
		{6BA5878A-D2CC-47ED-B6F9-A00AA751ED15}.Release|x86.Build.0 = Release|Any CPU
		{C2B14B7D-79B2-4EB7-9AA5-DDF773160485}.Debug|Any CPU.ActiveCfg = Debug|Any CPU
		{C2B14B7D-79B2-4EB7-9AA5-DDF773160485}.Debug|Any CPU.Build.0 = Debug|Any CPU
		{C2B14B7D-79B2-4EB7-9AA5-DDF773160485}.Debug|x64.ActiveCfg = Debug|Any CPU
		{C2B14B7D-79B2-4EB7-9AA5-DDF773160485}.Debug|x64.Build.0 = Debug|Any CPU
		{C2B14B7D-79B2-4EB7-9AA5-DDF773160485}.Debug|x86.ActiveCfg = Debug|Any CPU
		{C2B14B7D-79B2-4EB7-9AA5-DDF773160485}.Debug|x86.Build.0 = Debug|Any CPU
		{C2B14B7D-79B2-4EB7-9AA5-DDF773160485}.Release|Any CPU.ActiveCfg = Release|Any CPU
		{C2B14B7D-79B2-4EB7-9AA5-DDF773160485}.Release|Any CPU.Build.0 = Release|Any CPU
		{C2B14B7D-79B2-4EB7-9AA5-DDF773160485}.Release|x64.ActiveCfg = Release|Any CPU
		{C2B14B7D-79B2-4EB7-9AA5-DDF773160485}.Release|x64.Build.0 = Release|Any CPU
		{C2B14B7D-79B2-4EB7-9AA5-DDF773160485}.Release|x86.ActiveCfg = Release|Any CPU
		{C2B14B7D-79B2-4EB7-9AA5-DDF773160485}.Release|x86.Build.0 = Release|Any CPU
		{91E83B96-E41A-4087-969F-014AE461DBA9}.Debug|Any CPU.ActiveCfg = Debug|Any CPU
		{91E83B96-E41A-4087-969F-014AE461DBA9}.Debug|Any CPU.Build.0 = Debug|Any CPU
		{91E83B96-E41A-4087-969F-014AE461DBA9}.Debug|x64.ActiveCfg = Debug|Any CPU
		{91E83B96-E41A-4087-969F-014AE461DBA9}.Debug|x64.Build.0 = Debug|Any CPU
		{91E83B96-E41A-4087-969F-014AE461DBA9}.Debug|x86.ActiveCfg = Debug|Any CPU
		{91E83B96-E41A-4087-969F-014AE461DBA9}.Debug|x86.Build.0 = Debug|Any CPU
		{91E83B96-E41A-4087-969F-014AE461DBA9}.Release|Any CPU.ActiveCfg = Release|Any CPU
		{91E83B96-E41A-4087-969F-014AE461DBA9}.Release|Any CPU.Build.0 = Release|Any CPU
		{91E83B96-E41A-4087-969F-014AE461DBA9}.Release|x64.ActiveCfg = Release|Any CPU
		{91E83B96-E41A-4087-969F-014AE461DBA9}.Release|x64.Build.0 = Release|Any CPU
		{91E83B96-E41A-4087-969F-014AE461DBA9}.Release|x86.ActiveCfg = Release|Any CPU
		{91E83B96-E41A-4087-969F-014AE461DBA9}.Release|x86.Build.0 = Release|Any CPU
	EndGlobalSection
	GlobalSection(NestedProjects) = preSolution
		{2130DB55-EDD6-4015-A875-90F4AA5682DB} = {92A9376A-B676-42A0-AD0D-56A00240DC77}
		{BAE3D194-28C4-4F36-925A-1F75FE468B19} = {92A9376A-B676-42A0-AD0D-56A00240DC77}
		{8CB9A58B-10DA-4842-B04B-A1FFE9A7CDB9} = {92A9376A-B676-42A0-AD0D-56A00240DC77}
		{777AE029-A2B2-4333-BD1F-F44F55EDD6A6} = {92A9376A-B676-42A0-AD0D-56A00240DC77}
		{EDD8137C-DFF4-402A-ADFC-76CAEA904BC1} = {92A9376A-B676-42A0-AD0D-56A00240DC77}
		{EA9E713F-07F1-4A57-AD8D-1132E2240EEC} = {C17784BD-D516-43A6-9873-DD9C50369330}
		{060B7AC8-F566-41B5-88B9-717EE892B7EB} = {C17784BD-D516-43A6-9873-DD9C50369330}
		{6BA5878A-D2CC-47ED-B6F9-A00AA751ED15} = {C17784BD-D516-43A6-9873-DD9C50369330}
		{C2B14B7D-79B2-4EB7-9AA5-DDF773160485} = {C17784BD-D516-43A6-9873-DD9C50369330}
		{91E83B96-E41A-4087-969F-014AE461DBA9} = {C17784BD-D516-43A6-9873-DD9C50369330}
	EndGlobalSection
EndGlobal
